
Microsoft Visual Studio Solution File, Format Version 12.00
# Visual Studio Version 17
VisualStudioVersion = 17.6.33829.357
MinimumVisualStudioVersion = 10.0.40219.1
Project("{FAE04EC0-301F-11D3-BF4B-00C04F79EFBC}") = "DSCC.CW1.9713.API", "DSCC.CW1.9713.API\DSCC.CW1.9713.API.csproj", "{038C863B-60CE-4E82-9C91-D2ED56D1DC13}"
EndProject
Global
	GlobalSection(SolutionConfigurationPlatforms) = preSolution
		Debug|Any CPU = Debug|Any CPU
		Release|Any CPU = Release|Any CPU
	EndGlobalSection
	GlobalSection(ProjectConfigurationPlatforms) = postSolution
		{038C863B-60CE-4E82-9C91-D2ED56D1DC13}.Debug|Any CPU.ActiveCfg = Debug|Any CPU
		{038C863B-60CE-4E82-9C91-D2ED56D1DC13}.Debug|Any CPU.Build.0 = Debug|Any CPU
		{038C863B-60CE-4E82-9C91-D2ED56D1DC13}.Release|Any CPU.ActiveCfg = Release|Any CPU
		{038C863B-60CE-4E82-9C91-D2ED56D1DC13}.Release|Any CPU.Build.0 = Release|Any CPU
	EndGlobalSection
	GlobalSection(SolutionProperties) = preSolution
		HideSolutionNode = FALSE
	EndGlobalSection
	GlobalSection(ExtensibilityGlobals) = postSolution
		SolutionGuid = {6104EA89-5087-4344-A41B-57E4D594EE6B}
	EndGlobalSection
EndGlobal
